
Microsoft Visual Studio Solution File, Format Version 12.00
# Visual Studio Version 17
VisualStudioVersion = 17.3.32929.385
MinimumVisualStudioVersion = 10.0.40219.1
Project("{FAE04EC0-301F-11D3-BF4B-00C04F79EFBC}") = "PR_14_KILE", "PR_14_KILE\PR_14_KILE.csproj", "{C014ED12-383B-4310-9620-A6FD4A092A6B}"
EndProject
Global
	GlobalSection(SolutionConfigurationPlatforms) = preSolution
		Debug|Any CPU = Debug|Any CPU
		Release|Any CPU = Release|Any CPU
	EndGlobalSection
	GlobalSection(ProjectConfigurationPlatforms) = postSolution
		{C014ED12-383B-4310-9620-A6FD4A092A6B}.Debug|Any CPU.ActiveCfg = Debug|Any CPU
		{C014ED12-383B-4310-9620-A6FD4A092A6B}.Debug|Any CPU.Build.0 = Debug|Any CPU
		{C014ED12-383B-4310-9620-A6FD4A092A6B}.Release|Any CPU.ActiveCfg = Release|Any CPU
		{C014ED12-383B-4310-9620-A6FD4A092A6B}.Release|Any CPU.Build.0 = Release|Any CPU
	EndGlobalSection
	GlobalSection(SolutionProperties) = preSolution
		HideSolutionNode = FALSE
	EndGlobalSection
	GlobalSection(ExtensibilityGlobals) = postSolution
		SolutionGuid = {D44D33ED-59AE-4FEB-8481-E437427AA5DD}
	EndGlobalSection
EndGlobal
